
Microsoft Visual Studio Solution File, Format Version 12.00
# Visual Studio 15
VisualStudioVersion = 15.0.28306.52
MinimumVisualStudioVersion = 10.0.40219.1
Project("{9A19103F-16F7-4668-BE54-9A1E7A4F7556}") = "OdysseyDownloader.Tests", "OdysseyDownloader.Tests\OdysseyDownloader.Tests.csproj", "{07C927E8-2E21-43FF-93C8-236C912F11DF}"
EndProject
Project("{9A19103F-16F7-4668-BE54-9A1E7A4F7556}") = "OdysseyDownloader", "OdysseyDownloader\OdysseyDownloader.csproj", "{BB82865C-5EE6-4588-A52E-D7B0EB2D58E6}"
EndProject
Global
	GlobalSection(SolutionConfigurationPlatforms) = preSolution
		Debug|Any CPU = Debug|Any CPU
		Release|Any CPU = Release|Any CPU
	EndGlobalSection
	GlobalSection(ProjectConfigurationPlatforms) = postSolution
		{07C927E8-2E21-43FF-93C8-236C912F11DF}.Debug|Any CPU.ActiveCfg = Debug|Any CPU
		{07C927E8-2E21-43FF-93C8-236C912F11DF}.Debug|Any CPU.Build.0 = Debug|Any CPU
		{07C927E8-2E21-43FF-93C8-236C912F11DF}.Release|Any CPU.ActiveCfg = Release|Any CPU
		{07C927E8-2E21-43FF-93C8-236C912F11DF}.Release|Any CPU.Build.0 = Release|Any CPU
		{BB82865C-5EE6-4588-A52E-D7B0EB2D58E6}.Debug|Any CPU.ActiveCfg = Debug|Any CPU
		{BB82865C-5EE6-4588-A52E-D7B0EB2D58E6}.Debug|Any CPU.Build.0 = Debug|Any CPU
		{BB82865C-5EE6-4588-A52E-D7B0EB2D58E6}.Release|Any CPU.ActiveCfg = Release|Any CPU
		{BB82865C-5EE6-4588-A52E-D7B0EB2D58E6}.Release|Any CPU.Build.0 = Release|Any CPU
	EndGlobalSection
	GlobalSection(SolutionProperties) = preSolution
		HideSolutionNode = FALSE
	EndGlobalSection
	GlobalSection(ExtensibilityGlobals) = postSolution
		SolutionGuid = {D73A0DE6-5DBF-4717-9D4E-07ED1A67E537}
	EndGlobalSection
EndGlobal
